// !$*UTF8*$!
{
	archiveVersion = 1;
	classes = {
	};
	objectVersion = 46;
	objects = {

/* Begin PBXBuildFile section */
		4203BC617E100F5A37CC42FA /* Pods_BytePad.framework in Frameworks */ = {isa = PBXBuildFile; fileRef = 8BB7F778CFB12C5760E10275 /* Pods_BytePad.framework */; };
		4B42C1031CC3A47200D3E557 /* DownloadViewController.swift in Sources */ = {isa = PBXBuildFile; fileRef = 4B42C1021CC3A47200D3E557 /* DownloadViewController.swift */; };
		4B42C1051CC3AE0700D3E557 /* PapersTableCell.swift in Sources */ = {isa = PBXBuildFile; fileRef = 4B42C1041CC3AE0700D3E557 /* PapersTableCell.swift */; };
		4B42C1281CCB698C00D3E557 /* DownloadsTableCell.swift in Sources */ = {isa = PBXBuildFile; fileRef = 4B42C1271CCB698C00D3E557 /* DownloadsTableCell.swift */; };
		4B63ABD61CB6B69B00373906 /* AppDelegate.swift in Sources */ = {isa = PBXBuildFile; fileRef = 4B63ABD51CB6B69B00373906 /* AppDelegate.swift */; };
		4B63ABDB1CB6B69B00373906 /* Main.storyboard in Resources */ = {isa = PBXBuildFile; fileRef = 4B63ABD91CB6B69B00373906 /* Main.storyboard */; };
		4B63ABDD1CB6B69B00373906 /* Assets.xcassets in Resources */ = {isa = PBXBuildFile; fileRef = 4B63ABDC1CB6B69B00373906 /* Assets.xcassets */; };
		4B63ABE01CB6B69B00373906 /* LaunchScreen.storyboard in Resources */ = {isa = PBXBuildFile; fileRef = 4B63ABDE1CB6B69B00373906 /* LaunchScreen.storyboard */; };
		4B63ABE91CB6BFF200373906 /* Paper.swift in Sources */ = {isa = PBXBuildFile; fileRef = 4B63ABE81CB6BFF200373906 /* Paper.swift */; };
		4BB94C2D1CC393A8006A16CA /* SearchViewController.swift in Sources */ = {isa = PBXBuildFile; fileRef = 4BB94C2C1CC393A8006A16CA /* SearchViewController.swift */; };
/* End PBXBuildFile section */

/* Begin PBXFileReference section */
		1D55BCB8EB33A0A5231E259B /* Pods-BytePad.release.xcconfig */ = {isa = PBXFileReference; includeInIndex = 1; lastKnownFileType = text.xcconfig; name = "Pods-BytePad.release.xcconfig"; path = "Pods/Target Support Files/Pods-BytePad/Pods-BytePad.release.xcconfig"; sourceTree = "<group>"; };
		4B42C1021CC3A47200D3E557 /* DownloadViewController.swift */ = {isa = PBXFileReference; fileEncoding = 4; lastKnownFileType = sourcecode.swift; path = DownloadViewController.swift; sourceTree = "<group>"; };
		4B42C1041CC3AE0700D3E557 /* PapersTableCell.swift */ = {isa = PBXFileReference; fileEncoding = 4; lastKnownFileType = sourcecode.swift; path = PapersTableCell.swift; sourceTree = "<group>"; };
		4B42C1271CCB698C00D3E557 /* DownloadsTableCell.swift */ = {isa = PBXFileReference; fileEncoding = 4; lastKnownFileType = sourcecode.swift; path = DownloadsTableCell.swift; sourceTree = "<group>"; };
		4B63ABD21CB6B69B00373906 /* BytePad.app */ = {isa = PBXFileReference; explicitFileType = wrapper.application; includeInIndex = 0; path = BytePad.app; sourceTree = BUILT_PRODUCTS_DIR; };
		4B63ABD51CB6B69B00373906 /* AppDelegate.swift */ = {isa = PBXFileReference; lastKnownFileType = sourcecode.swift; path = AppDelegate.swift; sourceTree = "<group>"; };
		4B63ABDA1CB6B69B00373906 /* Base */ = {isa = PBXFileReference; lastKnownFileType = file.storyboard; name = Base; path = Base.lproj/Main.storyboard; sourceTree = "<group>"; };
		4B63ABDC1CB6B69B00373906 /* Assets.xcassets */ = {isa = PBXFileReference; lastKnownFileType = folder.assetcatalog; path = Assets.xcassets; sourceTree = "<group>"; };
		4B63ABDF1CB6B69B00373906 /* Base */ = {isa = PBXFileReference; lastKnownFileType = file.storyboard; name = Base; path = Base.lproj/LaunchScreen.storyboard; sourceTree = "<group>"; };
		4B63ABE11CB6B69B00373906 /* Info.plist */ = {isa = PBXFileReference; lastKnownFileType = text.plist.xml; path = Info.plist; sourceTree = "<group>"; };
		4B63ABE81CB6BFF200373906 /* Paper.swift */ = {isa = PBXFileReference; fileEncoding = 4; lastKnownFileType = sourcecode.swift; path = Paper.swift; sourceTree = "<group>"; };
		4BB94C2C1CC393A8006A16CA /* SearchViewController.swift */ = {isa = PBXFileReference; fileEncoding = 4; lastKnownFileType = sourcecode.swift; lineEnding = 0; path = SearchViewController.swift; sourceTree = "<group>"; };
		81C2160A9603F8B7B9256D80 /* Pods-BytePad.debug.xcconfig */ = {isa = PBXFileReference; includeInIndex = 1; lastKnownFileType = text.xcconfig; name = "Pods-BytePad.debug.xcconfig"; path = "Pods/Target Support Files/Pods-BytePad/Pods-BytePad.debug.xcconfig"; sourceTree = "<group>"; };
		8BB7F778CFB12C5760E10275 /* Pods_BytePad.framework */ = {isa = PBXFileReference; explicitFileType = wrapper.framework; includeInIndex = 0; path = Pods_BytePad.framework; sourceTree = BUILT_PRODUCTS_DIR; };
/* End PBXFileReference section */

/* Begin PBXFrameworksBuildPhase section */
		4B63ABCF1CB6B69B00373906 /* Frameworks */ = {
			isa = PBXFrameworksBuildPhase;
			buildActionMask = 2147483647;
			files = (
				4203BC617E100F5A37CC42FA /* Pods_BytePad.framework in Frameworks */,
			);
			runOnlyForDeploymentPostprocessing = 0;
		};
/* End PBXFrameworksBuildPhase section */

/* Begin PBXGroup section */
		2AE99A7ED5059677D942E06A /* Pods */ = {
			isa = PBXGroup;
			children = (
				81C2160A9603F8B7B9256D80 /* Pods-BytePad.debug.xcconfig */,
				1D55BCB8EB33A0A5231E259B /* Pods-BytePad.release.xcconfig */,
			);
			name = Pods;
			sourceTree = "<group>";
		};
		4B63ABC91CB6B69B00373906 = {
			isa = PBXGroup;
			children = (
				4B63ABD41CB6B69B00373906 /* BytePad */,
				4B63ABD31CB6B69B00373906 /* Products */,
				2AE99A7ED5059677D942E06A /* Pods */,
				AF3B41DAEA4F6FFA500B8453 /* Frameworks */,
			);
			sourceTree = "<group>";
		};
		4B63ABD31CB6B69B00373906 /* Products */ = {
			isa = PBXGroup;
			children = (
				4B63ABD21CB6B69B00373906 /* BytePad.app */,
			);
			name = Products;
			sourceTree = "<group>";
		};
		4B63ABD41CB6B69B00373906 /* BytePad */ = {
			isa = PBXGroup;
			children = (
				4B63ABE71CB6BFDF00373906 /* Model */,
				4B63ABD51CB6B69B00373906 /* AppDelegate.swift */,
				4B42C1041CC3AE0700D3E557 /* PapersTableCell.swift */,
				4B42C1271CCB698C00D3E557 /* DownloadsTableCell.swift */,
				4BB94C2C1CC393A8006A16CA /* SearchViewController.swift */,
				4B42C1021CC3A47200D3E557 /* DownloadViewController.swift */,
				4B63ABD91CB6B69B00373906 /* Main.storyboard */,
				4B63ABDC1CB6B69B00373906 /* Assets.xcassets */,
				4B63ABDE1CB6B69B00373906 /* LaunchScreen.storyboard */,
				4B63ABE11CB6B69B00373906 /* Info.plist */,
			);
			path = BytePad;
			sourceTree = "<group>";
		};
		4B63ABE71CB6BFDF00373906 /* Model */ = {
			isa = PBXGroup;
			children = (
				4B63ABE81CB6BFF200373906 /* Paper.swift */,
			);
			name = Model;
			sourceTree = "<group>";
		};
		AF3B41DAEA4F6FFA500B8453 /* Frameworks */ = {
			isa = PBXGroup;
			children = (
				8BB7F778CFB12C5760E10275 /* Pods_BytePad.framework */,
			);
			name = Frameworks;
			sourceTree = "<group>";
		};
/* End PBXGroup section */

/* Begin PBXNativeTarget section */
		4B63ABD11CB6B69B00373906 /* BytePad */ = {
			isa = PBXNativeTarget;
			buildConfigurationList = 4B63ABE41CB6B69B00373906 /* Build configuration list for PBXNativeTarget "BytePad" */;
			buildPhases = (
				66677A7EC35E04A358F93880 /* Check Pods Manifest.lock */,
				4B63ABCE1CB6B69B00373906 /* Sources */,
				4B63ABCF1CB6B69B00373906 /* Frameworks */,
				4B63ABD01CB6B69B00373906 /* Resources */,
				70EC2AD2014134109B2A1146 /* Embed Pods Frameworks */,
				14BED4F27CD02FB634F44D89 /* Copy Pods Resources */,
			);
			buildRules = (
			);
			dependencies = (
			);
			name = BytePad;
			productName = BytePad;
			productReference = 4B63ABD21CB6B69B00373906 /* BytePad.app */;
			productType = "com.apple.product-type.application";
		};
/* End PBXNativeTarget section */

/* Begin PBXProject section */
		4B63ABCA1CB6B69B00373906 /* Project object */ = {
			isa = PBXProject;
			attributes = {
				LastSwiftUpdateCheck = 0730;
				LastUpgradeCheck = 0730;
				ORGANIZATIONNAME = "Software Incubator";
				TargetAttributes = {
					4B63ABD11CB6B69B00373906 = {
						CreatedOnToolsVersion = 7.3;
						DevelopmentTeam = 3398SNWB6X;
					};
				};
			};
			buildConfigurationList = 4B63ABCD1CB6B69B00373906 /* Build configuration list for PBXProject "BytePad" */;
			compatibilityVersion = "Xcode 3.2";
			developmentRegion = English;
			hasScannedForEncodings = 0;
			knownRegions = (
				en,
				Base,
			);
			mainGroup = 4B63ABC91CB6B69B00373906;
			productRefGroup = 4B63ABD31CB6B69B00373906 /* Products */;
			projectDirPath = "";
			projectRoot = "";
			targets = (
				4B63ABD11CB6B69B00373906 /* BytePad */,
			);
		};
/* End PBXProject section */

/* Begin PBXResourcesBuildPhase section */
		4B63ABD01CB6B69B00373906 /* Resources */ = {
			isa = PBXResourcesBuildPhase;
			buildActionMask = 2147483647;
			files = (
				4B63ABE01CB6B69B00373906 /* LaunchScreen.storyboard in Resources */,
				4B63ABDD1CB6B69B00373906 /* Assets.xcassets in Resources */,
				4B63ABDB1CB6B69B00373906 /* Main.storyboard in Resources */,
			);
			runOnlyForDeploymentPostprocessing = 0;
		};
/* End PBXResourcesBuildPhase section */

/* Begin PBXShellScriptBuildPhase section */
		14BED4F27CD02FB634F44D89 /* Copy Pods Resources */ = {
			isa = PBXShellScriptBuildPhase;
			buildActionMask = 2147483647;
			files = (
			);
			inputPaths = (
			);
			name = "Copy Pods Resources";
			outputPaths = (
			);
			runOnlyForDeploymentPostprocessing = 0;
			shellPath = /bin/sh;
			shellScript = "\"${SRCROOT}/Pods/Target Support Files/Pods-BytePad/Pods-BytePad-resources.sh\"\n";
			showEnvVarsInLog = 0;
		};
		66677A7EC35E04A358F93880 /* Check Pods Manifest.lock */ = {
			isa = PBXShellScriptBuildPhase;
			buildActionMask = 2147483647;
			files = (
			);
			inputPaths = (
			);
			name = "Check Pods Manifest.lock";
			outputPaths = (
			);
			runOnlyForDeploymentPostprocessing = 0;
			shellPath = /bin/sh;
			shellScript = "diff \"${PODS_ROOT}/../Podfile.lock\" \"${PODS_ROOT}/Manifest.lock\" > /dev/null\nif [[ $? != 0 ]] ; then\n    cat << EOM\nerror: The sandbox is not in sync with the Podfile.lock. Run 'pod install' or update your CocoaPods installation.\nEOM\n    exit 1\nfi\n";
			showEnvVarsInLog = 0;
		};
		70EC2AD2014134109B2A1146 /* Embed Pods Frameworks */ = {
			isa = PBXShellScriptBuildPhase;
			buildActionMask = 2147483647;
			files = (
			);
			inputPaths = (
			);
			name = "Embed Pods Frameworks";
			outputPaths = (
			);
			runOnlyForDeploymentPostprocessing = 0;
			shellPath = /bin/sh;
			shellScript = "\"${SRCROOT}/Pods/Target Support Files/Pods-BytePad/Pods-BytePad-frameworks.sh\"\n";
			showEnvVarsInLog = 0;
		};
/* End PBXShellScriptBuildPhase section */

/* Begin PBXSourcesBuildPhase section */
		4B63ABCE1CB6B69B00373906 /* Sources */ = {
			isa = PBXSourcesBuildPhase;
			buildActionMask = 2147483647;
			files = (
				4B63ABD61CB6B69B00373906 /* AppDelegate.swift in Sources */,
				4BB94C2D1CC393A8006A16CA /* SearchViewController.swift in Sources */,
				4B42C1281CCB698C00D3E557 /* DownloadsTableCell.swift in Sources */,
				4B42C1031CC3A47200D3E557 /* DownloadViewController.swift in Sources */,
				4B63ABE91CB6BFF200373906 /* Paper.swift in Sources */,
				4B42C1051CC3AE0700D3E557 /* PapersTableCell.swift in Sources */,
			);
			runOnlyForDeploymentPostprocessing = 0;
		};
/* End PBXSourcesBuildPhase section */

/* Begin PBXVariantGroup section */
		4B63ABD91CB6B69B00373906 /* Main.storyboard */ = {
			isa = PBXVariantGroup;
			children = (
				4B63ABDA1CB6B69B00373906 /* Base */,
			);
			name = Main.storyboard;
			sourceTree = "<group>";
		};
		4B63ABDE1CB6B69B00373906 /* LaunchScreen.storyboard */ = {
			isa = PBXVariantGroup;
			children = (
				4B63ABDF1CB6B69B00373906 /* Base */,
			);
			name = LaunchScreen.storyboard;
			sourceTree = "<group>";
		};
/* End PBXVariantGroup section */

/* Begin XCBuildConfiguration section */
		4B63ABE21CB6B69B00373906 /* Debug */ = {
			isa = XCBuildConfiguration;
			buildSettings = {
				ALWAYS_SEARCH_USER_PATHS = NO;
				CLANG_ANALYZER_NONNULL = YES;
				CLANG_CXX_LANGUAGE_STANDARD = "gnu++0x";
				CLANG_CXX_LIBRARY = "libc++";
				CLANG_ENABLE_MODULES = YES;
				CLANG_ENABLE_OBJC_ARC = YES;
				CLANG_WARN_BOOL_CONVERSION = YES;
				CLANG_WARN_CONSTANT_CONVERSION = YES;
				CLANG_WARN_DIRECT_OBJC_ISA_USAGE = YES_ERROR;
				CLANG_WARN_EMPTY_BODY = YES;
				CLANG_WARN_ENUM_CONVERSION = YES;
				CLANG_WARN_INT_CONVERSION = YES;
				CLANG_WARN_OBJC_ROOT_CLASS = YES_ERROR;
				CLANG_WARN_UNREACHABLE_CODE = YES;
				CLANG_WARN__DUPLICATE_METHOD_MATCH = YES;
				"CODE_SIGN_IDENTITY[sdk=iphoneos*]" = "iPhone Developer";
				COPY_PHASE_STRIP = NO;
				DEBUG_INFORMATION_FORMAT = dwarf;
				ENABLE_STRICT_OBJC_MSGSEND = YES;
				ENABLE_TESTABILITY = YES;
				GCC_C_LANGUAGE_STANDARD = gnu99;
				GCC_DYNAMIC_NO_PIC = NO;
				GCC_NO_COMMON_BLOCKS = YES;
				GCC_OPTIMIZATION_LEVEL = 0;
				GCC_PREPROCESSOR_DEFINITIONS = (
					"DEBUG=1",
					"$(inherited)",
				);
				GCC_WARN_64_TO_32_BIT_CONVERSION = YES;
				GCC_WARN_ABOUT_RETURN_TYPE = YES_ERROR;
				GCC_WARN_UNDECLARED_SELECTOR = YES;
				GCC_WARN_UNINITIALIZED_AUTOS = YES_AGGRESSIVE;
				GCC_WARN_UNUSED_FUNCTION = YES;
				GCC_WARN_UNUSED_VARIABLE = YES;
				IPHONEOS_DEPLOYMENT_TARGET = 9.3;
				MTL_ENABLE_DEBUG_INFO = YES;
				ONLY_ACTIVE_ARCH = YES;
				SDKROOT = iphoneos;
				SWIFT_OPTIMIZATION_LEVEL = "-Onone";
				TARGETED_DEVICE_FAMILY = "1,2";
			};
			name = Debug;
		};
		4B63ABE31CB6B69B00373906 /* Release */ = {
			isa = XCBuildConfiguration;
			buildSettings = {
				ALWAYS_SEARCH_USER_PATHS = NO;
				CLANG_ANALYZER_NONNULL = YES;
				CLANG_CXX_LANGUAGE_STANDARD = "gnu++0x";
				CLANG_CXX_LIBRARY = "libc++";
				CLANG_ENABLE_MODULES = YES;
				CLANG_ENABLE_OBJC_ARC = YES;
				CLANG_WARN_BOOL_CONVERSION = YES;
				CLANG_WARN_CONSTANT_CONVERSION = YES;
				CLANG_WARN_DIRECT_OBJC_ISA_USAGE = YES_ERROR;
				CLANG_WARN_EMPTY_BODY = YES;
				CLANG_WARN_ENUM_CONVERSION = YES;
				CLANG_WARN_INT_CONVERSION = YES;
				CLANG_WARN_OBJC_ROOT_CLASS = YES_ERROR;
				CLANG_WARN_UNREACHABLE_CODE = YES;
				CLANG_WARN__DUPLICATE_METHOD_MATCH = YES;
				"CODE_SIGN_IDENTITY[sdk=iphoneos*]" = "iPhone Developer";
				COPY_PHASE_STRIP = NO;
				DEBUG_INFORMATION_FORMAT = "dwarf-with-dsym";
				ENABLE_NS_ASSERTIONS = NO;
				ENABLE_STRICT_OBJC_MSGSEND = YES;
				GCC_C_LANGUAGE_STANDARD = gnu99;
				GCC_NO_COMMON_BLOCKS = YES;
				GCC_WARN_64_TO_32_BIT_CONVERSION = YES;
				GCC_WARN_ABOUT_RETURN_TYPE = YES_ERROR;
				GCC_WARN_UNDECLARED_SELECTOR = YES;
				GCC_WARN_UNINITIALIZED_AUTOS = YES_AGGRESSIVE;
				GCC_WARN_UNUSED_FUNCTION = YES;
				GCC_WARN_UNUSED_VARIABLE = YES;
				IPHONEOS_DEPLOYMENT_TARGET = 9.3;
				MTL_ENABLE_DEBUG_INFO = NO;
				SDKROOT = iphoneos;
				TARGETED_DEVICE_FAMILY = "1,2";
				VALIDATE_PRODUCT = YES;
			};
			name = Release;
		};
		4B63ABE51CB6B69B00373906 /* Debug */ = {
			isa = XCBuildConfiguration;
			baseConfigurationReference = 81C2160A9603F8B7B9256D80 /* Pods-BytePad.debug.xcconfig */;
			buildSettings = {
				ASSETCATALOG_COMPILER_APPICON_NAME = AppIcon;
				CODE_SIGN_IDENTITY = "iPhone Developer";
				INFOPLIST_FILE = BytePad/Info.plist;
				LD_RUNPATH_SEARCH_PATHS = "$(inherited) @executable_path/Frameworks";
				PRODUCT_BUNDLE_IDENTIFIER = in.silive.BytePad;
				PRODUCT_NAME = "$(TARGET_NAME)";
			};
			name = Debug;
		};
		4B63ABE61CB6B69B00373906 /* Release */ = {
			isa = XCBuildConfiguration;
			baseConfigurationReference = 1D55BCB8EB33A0A5231E259B /* Pods-BytePad.release.xcconfig */;
			buildSettings = {
				ASSETCATALOG_COMPILER_APPICON_NAME = AppIcon;
				CODE_SIGN_IDENTITY = "iPhone Developer";
				INFOPLIST_FILE = BytePad/Info.plist;
				LD_RUNPATH_SEARCH_PATHS = "$(inherited) @executable_path/Frameworks";
				PRODUCT_BUNDLE_IDENTIFIER = in.silive.BytePad;
				PRODUCT_NAME = "$(TARGET_NAME)";
			};
			name = Release;
		};
/* End XCBuildConfiguration section */

/* Begin XCConfigurationList section */
		4B63ABCD1CB6B69B00373906 /* Build configuration list for PBXProject "BytePad" */ = {
			isa = XCConfigurationList;
			buildConfigurations = (
				4B63ABE21CB6B69B00373906 /* Debug */,
				4B63ABE31CB6B69B00373906 /* Release */,
			);
			defaultConfigurationIsVisible = 0;
			defaultConfigurationName = Release;
		};
		4B63ABE41CB6B69B00373906 /* Build configuration list for PBXNativeTarget "BytePad" */ = {
			isa = XCConfigurationList;
			buildConfigurations = (
				4B63ABE51CB6B69B00373906 /* Debug */,
				4B63ABE61CB6B69B00373906 /* Release */,
			);
			defaultConfigurationIsVisible = 0;
			defaultConfigurationName = Release;
		};
/* End XCConfigurationList section */
	};
	rootObject = 4B63ABCA1CB6B69B00373906 /* Project object */;
}
